
Microsoft Visual Studio Solution File, Format Version 12.00
# Visual Studio Version 17
VisualStudioVersion = 17.6.33801.468
MinimumVisualStudioVersion = 10.0.40219.1
Project("{FAE04EC0-301F-11D3-BF4B-00C04F79EFBC}") = "Stealer", "Stealer\Stealer.csproj", "{47CB3F83-521F-4C55-B971-81113BF64CFA}"
EndProject
Project("{FAE04EC0-301F-11D3-BF4B-00C04F79EFBC}") = "AuthorProblem", "AuthorProblem\AuthorProblem.csproj", "{1E362028-9A87-4AF7-847F-C5A548BACC82}"
EndProject
Global
	GlobalSection(SolutionConfigurationPlatforms) = preSolution
		Debug|Any CPU = Debug|Any CPU
		Release|Any CPU = Release|Any CPU
	EndGlobalSection
	GlobalSection(ProjectConfigurationPlatforms) = postSolution
		{47CB3F83-521F-4C55-B971-81113BF64CFA}.Debug|Any CPU.ActiveCfg = Debug|Any CPU
		{47CB3F83-521F-4C55-B971-81113BF64CFA}.Debug|Any CPU.Build.0 = Debug|Any CPU
		{47CB3F83-521F-4C55-B971-81113BF64CFA}.Release|Any CPU.ActiveCfg = Release|Any CPU
		{47CB3F83-521F-4C55-B971-81113BF64CFA}.Release|Any CPU.Build.0 = Release|Any CPU
		{1E362028-9A87-4AF7-847F-C5A548BACC82}.Debug|Any CPU.ActiveCfg = Debug|Any CPU
		{1E362028-9A87-4AF7-847F-C5A548BACC82}.Debug|Any CPU.Build.0 = Debug|Any CPU
		{1E362028-9A87-4AF7-847F-C5A548BACC82}.Release|Any CPU.ActiveCfg = Release|Any CPU
		{1E362028-9A87-4AF7-847F-C5A548BACC82}.Release|Any CPU.Build.0 = Release|Any CPU
	EndGlobalSection
	GlobalSection(SolutionProperties) = preSolution
		HideSolutionNode = FALSE
	EndGlobalSection
	GlobalSection(ExtensibilityGlobals) = postSolution
		SolutionGuid = {EC9E443C-D190-4289-B256-EC71273AB744}
	EndGlobalSection
EndGlobal
