
Microsoft Visual Studio Solution File, Format Version 12.00
# Visual Studio Version 17
VisualStudioVersion = 17.6.33801.468
MinimumVisualStudioVersion = 10.0.40219.1
Project("{9A19103F-16F7-4668-BE54-9A1E7A4F7556}") = "ClassBoxData", "01. Class Box Data\ClassBoxData.csproj", "{71BA6344-A912-4B6A-A4AD-90704EE4BF3C}"
EndProject
Project("{FAE04EC0-301F-11D3-BF4B-00C04F79EFBC}") = "PizzaCalories", "PizzaCalories\PizzaCalories.csproj", "{833C69A4-96F9-4298-B4E3-C9A99EB0A1F9}"
EndProject
Project("{FAE04EC0-301F-11D3-BF4B-00C04F79EFBC}") = "FootballTeamGenerator", "Football Team Generator\FootballTeamGenerator.csproj", "{273A0333-58DB-4CE4-8B47-8CD83F0C6ED3}"
EndProject
Global
	GlobalSection(SolutionConfigurationPlatforms) = preSolution
		Debug|Any CPU = Debug|Any CPU
		Release|Any CPU = Release|Any CPU
	EndGlobalSection
	GlobalSection(ProjectConfigurationPlatforms) = postSolution
		{71BA6344-A912-4B6A-A4AD-90704EE4BF3C}.Debug|Any CPU.ActiveCfg = Debug|Any CPU
		{71BA6344-A912-4B6A-A4AD-90704EE4BF3C}.Debug|Any CPU.Build.0 = Debug|Any CPU
		{71BA6344-A912-4B6A-A4AD-90704EE4BF3C}.Release|Any CPU.ActiveCfg = Release|Any CPU
		{71BA6344-A912-4B6A-A4AD-90704EE4BF3C}.Release|Any CPU.Build.0 = Release|Any CPU
		{833C69A4-96F9-4298-B4E3-C9A99EB0A1F9}.Debug|Any CPU.ActiveCfg = Debug|Any CPU
		{833C69A4-96F9-4298-B4E3-C9A99EB0A1F9}.Debug|Any CPU.Build.0 = Debug|Any CPU
		{833C69A4-96F9-4298-B4E3-C9A99EB0A1F9}.Release|Any CPU.ActiveCfg = Release|Any CPU
		{833C69A4-96F9-4298-B4E3-C9A99EB0A1F9}.Release|Any CPU.Build.0 = Release|Any CPU
		{273A0333-58DB-4CE4-8B47-8CD83F0C6ED3}.Debug|Any CPU.ActiveCfg = Debug|Any CPU
		{273A0333-58DB-4CE4-8B47-8CD83F0C6ED3}.Debug|Any CPU.Build.0 = Debug|Any CPU
		{273A0333-58DB-4CE4-8B47-8CD83F0C6ED3}.Release|Any CPU.ActiveCfg = Release|Any CPU
		{273A0333-58DB-4CE4-8B47-8CD83F0C6ED3}.Release|Any CPU.Build.0 = Release|Any CPU
	EndGlobalSection
	GlobalSection(SolutionProperties) = preSolution
		HideSolutionNode = FALSE
	EndGlobalSection
	GlobalSection(ExtensibilityGlobals) = postSolution
		SolutionGuid = {899CA019-3274-45FF-8792-43BF062BC530}
	EndGlobalSection
EndGlobal
