
Microsoft Visual Studio Solution File, Format Version 12.00
# Visual Studio Version 17
VisualStudioVersion = 17.6.33801.468
MinimumVisualStudioVersion = 10.0.40219.1
Project("{FAE04EC0-301F-11D3-BF4B-00C04F79EFBC}") = "Operations", "Operations\Operations.csproj", "{A74F8476-3128-4F68-BA2B-D1C59BE588D7}"
EndProject
Project("{FAE04EC0-301F-11D3-BF4B-00C04F79EFBC}") = "Animals", "Animals\Animals.csproj", "{EDF77074-D8F5-4869-A841-6C5A3393602C}"
EndProject
Project("{FAE04EC0-301F-11D3-BF4B-00C04F79EFBC}") = "Shapes", "Shapes\Shapes.csproj", "{1C55388E-A72E-4E8D-A088-5AC35E8A15BF}"
EndProject
Global
	GlobalSection(SolutionConfigurationPlatforms) = preSolution
		Debug|Any CPU = Debug|Any CPU
		Release|Any CPU = Release|Any CPU
	EndGlobalSection
	GlobalSection(ProjectConfigurationPlatforms) = postSolution
		{A74F8476-3128-4F68-BA2B-D1C59BE588D7}.Debug|Any CPU.ActiveCfg = Debug|Any CPU
		{A74F8476-3128-4F68-BA2B-D1C59BE588D7}.Debug|Any CPU.Build.0 = Debug|Any CPU
		{A74F8476-3128-4F68-BA2B-D1C59BE588D7}.Release|Any CPU.ActiveCfg = Release|Any CPU
		{A74F8476-3128-4F68-BA2B-D1C59BE588D7}.Release|Any CPU.Build.0 = Release|Any CPU
		{EDF77074-D8F5-4869-A841-6C5A3393602C}.Debug|Any CPU.ActiveCfg = Debug|Any CPU
		{EDF77074-D8F5-4869-A841-6C5A3393602C}.Debug|Any CPU.Build.0 = Debug|Any CPU
		{EDF77074-D8F5-4869-A841-6C5A3393602C}.Release|Any CPU.ActiveCfg = Release|Any CPU
		{EDF77074-D8F5-4869-A841-6C5A3393602C}.Release|Any CPU.Build.0 = Release|Any CPU
		{1C55388E-A72E-4E8D-A088-5AC35E8A15BF}.Debug|Any CPU.ActiveCfg = Debug|Any CPU
		{1C55388E-A72E-4E8D-A088-5AC35E8A15BF}.Debug|Any CPU.Build.0 = Debug|Any CPU
		{1C55388E-A72E-4E8D-A088-5AC35E8A15BF}.Release|Any CPU.ActiveCfg = Release|Any CPU
		{1C55388E-A72E-4E8D-A088-5AC35E8A15BF}.Release|Any CPU.Build.0 = Release|Any CPU
	EndGlobalSection
	GlobalSection(SolutionProperties) = preSolution
		HideSolutionNode = FALSE
	EndGlobalSection
	GlobalSection(ExtensibilityGlobals) = postSolution
		SolutionGuid = {F16375E6-1205-4DA2-964A-3EB7D0648580}
	EndGlobalSection
EndGlobal
